
Microsoft Visual Studio Solution File, Format Version 12.00
# Visual Studio Version 17
VisualStudioVersion = 17.8.34525.116
MinimumVisualStudioVersion = 10.0.40219.1
Project("{FAE04EC0-301F-11D3-BF4B-00C04F79EFBC}") = "RSA_encryption-decryption", "RSA_encryption-decryption\RSA_encryption-decryption.csproj", "{A7000A7A-5D68-4588-890A-D9765F30470C}"
EndProject
Global
	GlobalSection(SolutionConfigurationPlatforms) = preSolution
		Debug|Any CPU = Debug|Any CPU
		Release|Any CPU = Release|Any CPU
	EndGlobalSection
	GlobalSection(ProjectConfigurationPlatforms) = postSolution
		{A7000A7A-5D68-4588-890A-D9765F30470C}.Debug|Any CPU.ActiveCfg = Debug|Any CPU
		{A7000A7A-5D68-4588-890A-D9765F30470C}.Debug|Any CPU.Build.0 = Debug|Any CPU
		{A7000A7A-5D68-4588-890A-D9765F30470C}.Release|Any CPU.ActiveCfg = Release|Any CPU
		{A7000A7A-5D68-4588-890A-D9765F30470C}.Release|Any CPU.Build.0 = Release|Any CPU
	EndGlobalSection
	GlobalSection(SolutionProperties) = preSolution
		HideSolutionNode = FALSE
	EndGlobalSection
	GlobalSection(ExtensibilityGlobals) = postSolution
		SolutionGuid = {FC32E612-6286-48B0-BE67-5039BF30F975}
	EndGlobalSection
EndGlobal
